
Microsoft Visual Studio Solution File, Format Version 12.00
# Visual Studio Version 16
VisualStudioVersion = 16.0.28922.388
MinimumVisualStudioVersion = 10.0.40219.1
Project("{9A19103F-16F7-4668-BE54-9A1E7A4F7556}") = "WebsiteTemplate", "WebsiteTemplate\WebsiteTemplate.csproj", "{93B7CBA1-3892-4902-BACC-DEF8CA51DBDA}"
EndProject
Global
	GlobalSection(SolutionConfigurationPlatforms) = preSolution
		Debug|Any CPU = Debug|Any CPU
		Release|Any CPU = Release|Any CPU
	EndGlobalSection
	GlobalSection(ProjectConfigurationPlatforms) = postSolution
		{93B7CBA1-3892-4902-BACC-DEF8CA51DBDA}.Debug|Any CPU.ActiveCfg = Debug|Any CPU
		{93B7CBA1-3892-4902-BACC-DEF8CA51DBDA}.Debug|Any CPU.Build.0 = Debug|Any CPU
		{93B7CBA1-3892-4902-BACC-DEF8CA51DBDA}.Release|Any CPU.ActiveCfg = Release|Any CPU
		{93B7CBA1-3892-4902-BACC-DEF8CA51DBDA}.Release|Any CPU.Build.0 = Release|Any CPU
	EndGlobalSection
	GlobalSection(SolutionProperties) = preSolution
		HideSolutionNode = FALSE
	EndGlobalSection
	GlobalSection(ExtensibilityGlobals) = postSolution
		SolutionGuid = {AE96177F-CA88-46AA-B845-C0DDAF26A20C}
	EndGlobalSection
EndGlobal
